
Microsoft Visual Studio Solution File, Format Version 12.00
# Visual Studio Version 17
VisualStudioVersion = 17.7.34018.315
MinimumVisualStudioVersion = 10.0.40219.1
Project("{FAE04EC0-301F-11D3-BF4B-00C04F79EFBC}") = "tugas pbo 2", "tugas pbo 2\tugas pbo 2.csproj", "{E845BDD8-0160-421A-9643-FD61F96C4AAB}"
EndProject
Global
	GlobalSection(SolutionConfigurationPlatforms) = preSolution
		Debug|Any CPU = Debug|Any CPU
		Release|Any CPU = Release|Any CPU
	EndGlobalSection
	GlobalSection(ProjectConfigurationPlatforms) = postSolution
		{E845BDD8-0160-421A-9643-FD61F96C4AAB}.Debug|Any CPU.ActiveCfg = Debug|Any CPU
		{E845BDD8-0160-421A-9643-FD61F96C4AAB}.Debug|Any CPU.Build.0 = Debug|Any CPU
		{E845BDD8-0160-421A-9643-FD61F96C4AAB}.Release|Any CPU.ActiveCfg = Release|Any CPU
		{E845BDD8-0160-421A-9643-FD61F96C4AAB}.Release|Any CPU.Build.0 = Release|Any CPU
	EndGlobalSection
	GlobalSection(SolutionProperties) = preSolution
		HideSolutionNode = FALSE
	EndGlobalSection
	GlobalSection(ExtensibilityGlobals) = postSolution
		SolutionGuid = {ABCFA9F6-F78D-4E8A-A7C6-84766DC56985}
	EndGlobalSection
EndGlobal
